// !$*UTF8*$!
{
	archiveVersion = 1;
	classes = {
	};
	objectVersion = 46;
	objects = {

/* Begin PBXBuildFile section */
		6399BD0F1C585BEE00AEAA06 /* AppDelegate.swift in Sources */ = {isa = PBXBuildFile; fileRef = 6399BD071C585BEE00AEAA06 /* AppDelegate.swift */; };
		6399BD101C585BEE00AEAA06 /* Assets.xcassets in Resources */ = {isa = PBXBuildFile; fileRef = 6399BD081C585BEE00AEAA06 /* Assets.xcassets */; };
		6399BD111C585BEE00AEAA06 /* LaunchScreen.storyboard in Resources */ = {isa = PBXBuildFile; fileRef = 6399BD091C585BEE00AEAA06 /* LaunchScreen.storyboard */; };
		6399BD121C585BEE00AEAA06 /* Main.storyboard in Resources */ = {isa = PBXBuildFile; fileRef = 6399BD0B1C585BEE00AEAA06 /* Main.storyboard */; };
		6399BD131C585BEE00AEAA06 /* Info.plist in Resources */ = {isa = PBXBuildFile; fileRef = 6399BD0D1C585BEE00AEAA06 /* Info.plist */; };
		6399BD141C585BEE00AEAA06 /* ViewController.swift in Sources */ = {isa = PBXBuildFile; fileRef = 6399BD0E1C585BEE00AEAA06 /* ViewController.swift */; };
		6399BD161C585C1900AEAA06 /* MGDPageViewController.swift in Sources */ = {isa = PBXBuildFile; fileRef = 6399BD151C585C1900AEAA06 /* MGDPageViewController.swift */; };
		6399BD181C585C5400AEAA06 /* MGDSceneViewController.swift in Sources */ = {isa = PBXBuildFile; fileRef = 6399BD171C585C5400AEAA06 /* MGDSceneViewController.swift */; };
		6399BD1A1C585C9500AEAA06 /* MGDSceneLayer.swift in Sources */ = {isa = PBXBuildFile; fileRef = 6399BD191C585C9500AEAA06 /* MGDSceneLayer.swift */; };
		6399BD1C1C5894F000AEAA06 /* MGDPageLayer.swift in Sources */ = {isa = PBXBuildFile; fileRef = 6399BD1B1C5894F000AEAA06 /* MGDPageLayer.swift */; };
/* End PBXBuildFile section */

/* Begin PBXFileReference section */
		6399BCF01C585BCD00AEAA06 /* MagicDrag.app */ = {isa = PBXFileReference; explicitFileType = wrapper.application; includeInIndex = 0; path = MagicDrag.app; sourceTree = BUILT_PRODUCTS_DIR; };
		6399BD071C585BEE00AEAA06 /* AppDelegate.swift */ = {isa = PBXFileReference; fileEncoding = 4; lastKnownFileType = sourcecode.swift; path = AppDelegate.swift; sourceTree = "<group>"; };
		6399BD081C585BEE00AEAA06 /* Assets.xcassets */ = {isa = PBXFileReference; lastKnownFileType = folder.assetcatalog; path = Assets.xcassets; sourceTree = "<group>"; };
		6399BD0A1C585BEE00AEAA06 /* Base */ = {isa = PBXFileReference; lastKnownFileType = file.storyboard; name = Base; path = Base.lproj/LaunchScreen.storyboard; sourceTree = "<group>"; };
		6399BD0C1C585BEE00AEAA06 /* Base */ = {isa = PBXFileReference; lastKnownFileType = file.storyboard; name = Base; path = Base.lproj/Main.storyboard; sourceTree = "<group>"; };
		6399BD0D1C585BEE00AEAA06 /* Info.plist */ = {isa = PBXFileReference; fileEncoding = 4; lastKnownFileType = text.plist.xml; path = Info.plist; sourceTree = "<group>"; };
		6399BD0E1C585BEE00AEAA06 /* ViewController.swift */ = {isa = PBXFileReference; fileEncoding = 4; lastKnownFileType = sourcecode.swift; path = ViewController.swift; sourceTree = "<group>"; };
		6399BD151C585C1900AEAA06 /* MGDPageViewController.swift */ = {isa = PBXFileReference; fileEncoding = 4; lastKnownFileType = sourcecode.swift; path = MGDPageViewController.swift; sourceTree = "<group>"; };
		6399BD171C585C5400AEAA06 /* MGDSceneViewController.swift */ = {isa = PBXFileReference; fileEncoding = 4; lastKnownFileType = sourcecode.swift; path = MGDSceneViewController.swift; sourceTree = "<group>"; };
		6399BD191C585C9500AEAA06 /* MGDSceneLayer.swift */ = {isa = PBXFileReference; fileEncoding = 4; lastKnownFileType = sourcecode.swift; path = MGDSceneLayer.swift; sourceTree = "<group>"; };
		6399BD1B1C5894F000AEAA06 /* MGDPageLayer.swift */ = {isa = PBXFileReference; fileEncoding = 4; lastKnownFileType = sourcecode.swift; path = MGDPageLayer.swift; sourceTree = "<group>"; };
/* End PBXFileReference section */

/* Begin PBXFrameworksBuildPhase section */
		6399BCED1C585BCD00AEAA06 /* Frameworks */ = {
			isa = PBXFrameworksBuildPhase;
			buildActionMask = 2147483647;
			files = (
			);
			runOnlyForDeploymentPostprocessing = 0;
		};
/* End PBXFrameworksBuildPhase section */

/* Begin PBXGroup section */
		6399BCE71C585BCD00AEAA06 = {
			isa = PBXGroup;
			children = (
				6399BD051C585BEE00AEAA06 /* MagicDrag */,
				6399BD061C585BEE00AEAA06 /* MagicDragDemo */,
				6399BCF11C585BCD00AEAA06 /* Products */,
			);
			sourceTree = "<group>";
		};
		6399BCF11C585BCD00AEAA06 /* Products */ = {
			isa = PBXGroup;
			children = (
				6399BCF01C585BCD00AEAA06 /* MagicDrag.app */,
			);
			name = Products;
			sourceTree = "<group>";
		};
		6399BD051C585BEE00AEAA06 /* MagicDrag */ = {
			isa = PBXGroup;
			children = (
				6399BD151C585C1900AEAA06 /* MGDPageViewController.swift */,
				6399BD1B1C5894F000AEAA06 /* MGDPageLayer.swift */,
				6399BD171C585C5400AEAA06 /* MGDSceneViewController.swift */,
				6399BD191C585C9500AEAA06 /* MGDSceneLayer.swift */,
			);
			path = MagicDrag;
			sourceTree = "<group>";
		};
		6399BD061C585BEE00AEAA06 /* MagicDragDemo */ = {
			isa = PBXGroup;
			children = (
				6399BD071C585BEE00AEAA06 /* AppDelegate.swift */,
				6399BD081C585BEE00AEAA06 /* Assets.xcassets */,
				6399BD091C585BEE00AEAA06 /* LaunchScreen.storyboard */,
				6399BD0B1C585BEE00AEAA06 /* Main.storyboard */,
				6399BD0D1C585BEE00AEAA06 /* Info.plist */,
				6399BD0E1C585BEE00AEAA06 /* ViewController.swift */,
			);
			path = MagicDragDemo;
			sourceTree = "<group>";
		};
/* End PBXGroup section */

/* Begin PBXNativeTarget section */
		6399BCEF1C585BCD00AEAA06 /* MagicDrag */ = {
			isa = PBXNativeTarget;
			buildConfigurationList = 6399BD021C585BCD00AEAA06 /* Build configuration list for PBXNativeTarget "MagicDrag" */;
			buildPhases = (
				6399BCEC1C585BCD00AEAA06 /* Sources */,
				6399BCED1C585BCD00AEAA06 /* Frameworks */,
				6399BCEE1C585BCD00AEAA06 /* Resources */,
			);
			buildRules = (
			);
			dependencies = (
			);
			name = MagicDrag;
			productName = MagicDrag;
			productReference = 6399BCF01C585BCD00AEAA06 /* MagicDrag.app */;
			productType = "com.apple.product-type.application";
		};
/* End PBXNativeTarget section */

/* Begin PBXProject section */
		6399BCE81C585BCD00AEAA06 /* Project object */ = {
			isa = PBXProject;
			attributes = {
				LastSwiftUpdateCheck = 0720;
				LastUpgradeCheck = 0720;
				ORGANIZATIONNAME = swift;
				TargetAttributes = {
					6399BCEF1C585BCD00AEAA06 = {
						CreatedOnToolsVersion = 7.2;
					};
				};
			};
			buildConfigurationList = 6399BCEB1C585BCD00AEAA06 /* Build configuration list for PBXProject "MagicDrag" */;
			compatibilityVersion = "Xcode 3.2";
			developmentRegion = English;
			hasScannedForEncodings = 0;
			knownRegions = (
				en,
				Base,
			);
			mainGroup = 6399BCE71C585BCD00AEAA06;
			productRefGroup = 6399BCF11C585BCD00AEAA06 /* Products */;
			projectDirPath = "";
			projectRoot = "";
			targets = (
				6399BCEF1C585BCD00AEAA06 /* MagicDrag */,
			);
		};
/* End PBXProject section */

/* Begin PBXResourcesBuildPhase section */
		6399BCEE1C585BCD00AEAA06 /* Resources */ = {
			isa = PBXResourcesBuildPhase;
			buildActionMask = 2147483647;
			files = (
				6399BD131C585BEE00AEAA06 /* Info.plist in Resources */,
				6399BD121C585BEE00AEAA06 /* Main.storyboard in Resources */,
				6399BD101C585BEE00AEAA06 /* Assets.xcassets in Resources */,
				6399BD111C585BEE00AEAA06 /* LaunchScreen.storyboard in Resources */,
			);
			runOnlyForDeploymentPostprocessing = 0;
		};
/* End PBXResourcesBuildPhase section */

/* Begin PBXSourcesBuildPhase section */
		6399BCEC1C585BCD00AEAA06 /* Sources */ = {
			isa = PBXSourcesBuildPhase;
			buildActionMask = 2147483647;
			files = (
				6399BD1A1C585C9500AEAA06 /* MGDSceneLayer.swift in Sources */,
				6399BD181C585C5400AEAA06 /* MGDSceneViewController.swift in Sources */,
				6399BD141C585BEE00AEAA06 /* ViewController.swift in Sources */,
				6399BD1C1C5894F000AEAA06 /* MGDPageLayer.swift in Sources */,
				6399BD0F1C585BEE00AEAA06 /* AppDelegate.swift in Sources */,
				6399BD161C585C1900AEAA06 /* MGDPageViewController.swift in Sources */,
			);
			runOnlyForDeploymentPostprocessing = 0;
		};
/* End PBXSourcesBuildPhase section */

/* Begin PBXVariantGroup section */
		6399BD091C585BEE00AEAA06 /* LaunchScreen.storyboard */ = {
			isa = PBXVariantGroup;
			children = (
				6399BD0A1C585BEE00AEAA06 /* Base */,
			);
			name = LaunchScreen.storyboard;
			sourceTree = "<group>";
		};
		6399BD0B1C585BEE00AEAA06 /* Main.storyboard */ = {
			isa = PBXVariantGroup;
			children = (
				6399BD0C1C585BEE00AEAA06 /* Base */,
			);
			name = Main.storyboard;
			sourceTree = "<group>";
		};
/* End PBXVariantGroup section */

/* Begin XCBuildConfiguration section */
		6399BD001C585BCD00AEAA06 /* Debug */ = {
			isa = XCBuildConfiguration;
			buildSettings = {
				ALWAYS_SEARCH_USER_PATHS = NO;
				CLANG_CXX_LANGUAGE_STANDARD = "gnu++0x";
				CLANG_CXX_LIBRARY = "libc++";
				CLANG_ENABLE_MODULES = YES;
				CLANG_ENABLE_OBJC_ARC = YES;
				CLANG_WARN_BOOL_CONVERSION = YES;
				CLANG_WARN_CONSTANT_CONVERSION = YES;
				CLANG_WARN_DIRECT_OBJC_ISA_USAGE = YES_ERROR;
				CLANG_WARN_EMPTY_BODY = YES;
				CLANG_WARN_ENUM_CONVERSION = YES;
				CLANG_WARN_INT_CONVERSION = YES;
				CLANG_WARN_OBJC_ROOT_CLASS = YES_ERROR;
				CLANG_WARN_UNREACHABLE_CODE = YES;
				CLANG_WARN__DUPLICATE_METHOD_MATCH = YES;
				"CODE_SIGN_IDENTITY[sdk=iphoneos*]" = "iPhone Developer";
				COPY_PHASE_STRIP = NO;
				DEBUG_INFORMATION_FORMAT = dwarf;
				ENABLE_STRICT_OBJC_MSGSEND = YES;
				ENABLE_TESTABILITY = YES;
				GCC_C_LANGUAGE_STANDARD = gnu99;
				GCC_DYNAMIC_NO_PIC = NO;
				GCC_NO_COMMON_BLOCKS = YES;
				GCC_OPTIMIZATION_LEVEL = 0;
				GCC_PREPROCESSOR_DEFINITIONS = (
					"DEBUG=1",
					"$(inherited)",
				);
				GCC_WARN_64_TO_32_BIT_CONVERSION = YES;
				GCC_WARN_ABOUT_RETURN_TYPE = YES_ERROR;
				GCC_WARN_UNDECLARED_SELECTOR = YES;
				GCC_WARN_UNINITIALIZED_AUTOS = YES_AGGRESSIVE;
				GCC_WARN_UNUSED_FUNCTION = YES;
				GCC_WARN_UNUSED_VARIABLE = YES;
				IPHONEOS_DEPLOYMENT_TARGET = 9.2;
				MTL_ENABLE_DEBUG_INFO = YES;
				ONLY_ACTIVE_ARCH = YES;
				SDKROOT = iphoneos;
				SWIFT_OPTIMIZATION_LEVEL = "-Onone";
			};
			name = Debug;
		};
		6399BD011C585BCD00AEAA06 /* Release */ = {
			isa = XCBuildConfiguration;
			buildSettings = {
				ALWAYS_SEARCH_USER_PATHS = NO;
				CLANG_CXX_LANGUAGE_STANDARD = "gnu++0x";
				CLANG_CXX_LIBRARY = "libc++";
				CLANG_ENABLE_MODULES = YES;
				CLANG_ENABLE_OBJC_ARC = YES;
				CLANG_WARN_BOOL_CONVERSION = YES;
				CLANG_WARN_CONSTANT_CONVERSION = YES;
				CLANG_WARN_DIRECT_OBJC_ISA_USAGE = YES_ERROR;
				CLANG_WARN_EMPTY_BODY = YES;
				CLANG_WARN_ENUM_CONVERSION = YES;
				CLANG_WARN_INT_CONVERSION = YES;
				CLANG_WARN_OBJC_ROOT_CLASS = YES_ERROR;
				CLANG_WARN_UNREACHABLE_CODE = YES;
				CLANG_WARN__DUPLICATE_METHOD_MATCH = YES;
				"CODE_SIGN_IDENTITY[sdk=iphoneos*]" = "iPhone Developer";
				COPY_PHASE_STRIP = NO;
				DEBUG_INFORMATION_FORMAT = "dwarf-with-dsym";
				ENABLE_NS_ASSERTIONS = NO;
				ENABLE_STRICT_OBJC_MSGSEND = YES;
				GCC_C_LANGUAGE_STANDARD = gnu99;
				GCC_NO_COMMON_BLOCKS = YES;
				GCC_WARN_64_TO_32_BIT_CONVERSION = YES;
				GCC_WARN_ABOUT_RETURN_TYPE = YES_ERROR;
				GCC_WARN_UNDECLARED_SELECTOR = YES;
				GCC_WARN_UNINITIALIZED_AUTOS = YES_AGGRESSIVE;
				GCC_WARN_UNUSED_FUNCTION = YES;
				GCC_WARN_UNUSED_VARIABLE = YES;
				IPHONEOS_DEPLOYMENT_TARGET = 9.2;
				MTL_ENABLE_DEBUG_INFO = NO;
				SDKROOT = iphoneos;
				VALIDATE_PRODUCT = YES;
			};
			name = Release;
		};
		6399BD031C585BCD00AEAA06 /* Debug */ = {
			isa = XCBuildConfiguration;
			buildSettings = {
				ASSETCATALOG_COMPILER_APPICON_NAME = AppIcon;
				INFOPLIST_FILE = "$(SRCROOT)/MagicDragDemo/Info.plist";
				LD_RUNPATH_SEARCH_PATHS = "$(inherited) @executable_path/Frameworks";
				PRODUCT_BUNDLE_IDENTIFIER = com.opensource.MagicDrag;
				PRODUCT_NAME = "$(TARGET_NAME)";
			};
			name = Debug;
		};
		6399BD041C585BCD00AEAA06 /* Release */ = {
			isa = XCBuildConfiguration;
			buildSettings = {
				ASSETCATALOG_COMPILER_APPICON_NAME = AppIcon;
				INFOPLIST_FILE = "$(SRCROOT)/MagicDragDemo/Info.plist";
				LD_RUNPATH_SEARCH_PATHS = "$(inherited) @executable_path/Frameworks";
				PRODUCT_BUNDLE_IDENTIFIER = com.opensource.MagicDrag;
				PRODUCT_NAME = "$(TARGET_NAME)";
			};
			name = Release;
		};
/* End XCBuildConfiguration section */

/* Begin XCConfigurationList section */
		6399BCEB1C585BCD00AEAA06 /* Build configuration list for PBXProject "MagicDrag" */ = {
			isa = XCConfigurationList;
			buildConfigurations = (
				6399BD001C585BCD00AEAA06 /* Debug */,
				6399BD011C585BCD00AEAA06 /* Release */,
			);
			defaultConfigurationIsVisible = 0;
			defaultConfigurationName = Release;
		};
		6399BD021C585BCD00AEAA06 /* Build configuration list for PBXNativeTarget "MagicDrag" */ = {
			isa = XCConfigurationList;
			buildConfigurations = (
				6399BD031C585BCD00AEAA06 /* Debug */,
				6399BD041C585BCD00AEAA06 /* Release */,
			);
			defaultConfigurationIsVisible = 0;
		};
/* End XCConfigurationList section */
	};
	rootObject = 6399BCE81C585BCD00AEAA06 /* Project object */;
}
